# This file is automatically @generated by pesde.
# It is not intended for manual editing.
format = 2
name = "anexpia/syncee"
version = "1.0.0"
target = "roblox"

[graph."anexpia/squish@6.0.2 roblox"]
direct = ["squish", { name = "anexpia/squish", version = "^6.0.2", index = "default", target = "roblox" }, "standard"]

[graph."anexpia/squish@6.0.2 roblox".pkg_ref]
ref_ty = "pesde"
index_url = "https://github.com/pesde-pkg/index"
